
Microsoft Visual Studio Solution File, Format Version 12.00
# Visual Studio Version 17
VisualStudioVersion = 17.14.36327.8 d17.14
MinimumVisualStudioVersion = 10.0.40219.1
Project("{FAE04EC0-301F-11D3-BF4B-00C04F79EFBC}") = "FinalOOP", "FinalOOP\FinalOOP.csproj", "{C59A075A-55F9-4741-851F-3951063CBCB9}"
EndProject
Project("{FAE04EC0-301F-11D3-BF4B-00C04F79EFBC}") = "TestProject1", "TestProject1\TestProject1.csproj", "{82C5FFC2-185B-47C5-B9A6-02DF733B2997}"
EndProject
Global
	GlobalSection(SolutionConfigurationPlatforms) = preSolution
		Debug|Any CPU = Debug|Any CPU
		Release|Any CPU = Release|Any CPU
	EndGlobalSection
	GlobalSection(ProjectConfigurationPlatforms) = postSolution
		{C59A075A-55F9-4741-851F-3951063CBCB9}.Debug|Any CPU.ActiveCfg = Debug|Any CPU
		{C59A075A-55F9-4741-851F-3951063CBCB9}.Debug|Any CPU.Build.0 = Debug|Any CPU
		{C59A075A-55F9-4741-851F-3951063CBCB9}.Release|Any CPU.ActiveCfg = Release|Any CPU
		{C59A075A-55F9-4741-851F-3951063CBCB9}.Release|Any CPU.Build.0 = Release|Any CPU
		{82C5FFC2-185B-47C5-B9A6-02DF733B2997}.Debug|Any CPU.ActiveCfg = Debug|Any CPU
		{82C5FFC2-185B-47C5-B9A6-02DF733B2997}.Debug|Any CPU.Build.0 = Debug|Any CPU
		{82C5FFC2-185B-47C5-B9A6-02DF733B2997}.Release|Any CPU.ActiveCfg = Release|Any CPU
		{82C5FFC2-185B-47C5-B9A6-02DF733B2997}.Release|Any CPU.Build.0 = Release|Any CPU
	EndGlobalSection
	GlobalSection(SolutionProperties) = preSolution
		HideSolutionNode = FALSE
	EndGlobalSection
	GlobalSection(ExtensibilityGlobals) = postSolution
		SolutionGuid = {639C7BEF-73BE-4B42-9422-5F8B15713B75}
	EndGlobalSection
EndGlobal
